
Microsoft Visual Studio Solution File, Format Version 12.00
# Visual Studio Version 17
VisualStudioVersion = 17.3.32929.385
MinimumVisualStudioVersion = 10.0.40219.1
Project("{FAE04EC0-301F-11D3-BF4B-00C04F79EFBC}") = "Practica Static", "Practica Static\Practica Static.csproj", "{45786DA6-A7B0-4679-812A-29E309F7D866}"
EndProject
Project("{FAE04EC0-301F-11D3-BF4B-00C04F79EFBC}") = "Models", "Models\Models.csproj", "{6383C441-A319-45E0-B942-8FB3A628C52F}"
EndProject
Global
	GlobalSection(SolutionConfigurationPlatforms) = preSolution
		Debug|Any CPU = Debug|Any CPU
		Release|Any CPU = Release|Any CPU
	EndGlobalSection
	GlobalSection(ProjectConfigurationPlatforms) = postSolution
		{45786DA6-A7B0-4679-812A-29E309F7D866}.Debug|Any CPU.ActiveCfg = Debug|Any CPU
		{45786DA6-A7B0-4679-812A-29E309F7D866}.Debug|Any CPU.Build.0 = Debug|Any CPU
		{45786DA6-A7B0-4679-812A-29E309F7D866}.Release|Any CPU.ActiveCfg = Release|Any CPU
		{45786DA6-A7B0-4679-812A-29E309F7D866}.Release|Any CPU.Build.0 = Release|Any CPU
		{6383C441-A319-45E0-B942-8FB3A628C52F}.Debug|Any CPU.ActiveCfg = Debug|Any CPU
		{6383C441-A319-45E0-B942-8FB3A628C52F}.Debug|Any CPU.Build.0 = Debug|Any CPU
		{6383C441-A319-45E0-B942-8FB3A628C52F}.Release|Any CPU.ActiveCfg = Release|Any CPU
		{6383C441-A319-45E0-B942-8FB3A628C52F}.Release|Any CPU.Build.0 = Release|Any CPU
	EndGlobalSection
	GlobalSection(SolutionProperties) = preSolution
		HideSolutionNode = FALSE
	EndGlobalSection
	GlobalSection(ExtensibilityGlobals) = postSolution
		SolutionGuid = {8F728E48-5343-484D-9FB9-EF94EAE0860D}
	EndGlobalSection
EndGlobal
